
Microsoft Visual Studio Solution File, Format Version 12.00
# Visual Studio Version 17
VisualStudioVersion = 17.7.34031.279
MinimumVisualStudioVersion = 10.0.40219.1
Project("{FAE04EC0-301F-11D3-BF4B-00C04F79EFBC}") = "cnsHello", "cnsHello\cnsHello.csproj", "{793D7411-AA0B-40B9-B929-EEE43E12412C}"
EndProject
Global
	GlobalSection(SolutionConfigurationPlatforms) = preSolution
		Debug|Any CPU = Debug|Any CPU
		Release|Any CPU = Release|Any CPU
	EndGlobalSection
	GlobalSection(ProjectConfigurationPlatforms) = postSolution
		{793D7411-AA0B-40B9-B929-EEE43E12412C}.Debug|Any CPU.ActiveCfg = Debug|Any CPU
		{793D7411-AA0B-40B9-B929-EEE43E12412C}.Debug|Any CPU.Build.0 = Debug|Any CPU
		{793D7411-AA0B-40B9-B929-EEE43E12412C}.Release|Any CPU.ActiveCfg = Release|Any CPU
		{793D7411-AA0B-40B9-B929-EEE43E12412C}.Release|Any CPU.Build.0 = Release|Any CPU
	EndGlobalSection
	GlobalSection(SolutionProperties) = preSolution
		HideSolutionNode = FALSE
	EndGlobalSection
	GlobalSection(ExtensibilityGlobals) = postSolution
		SolutionGuid = {F1AC54CB-1891-4ABF-98FE-1725F04DB215}
	EndGlobalSection
EndGlobal
